
Microsoft Visual Studio Solution File, Format Version 12.00
# Visual Studio Version 17
VisualStudioVersion = 17.9.34622.214
MinimumVisualStudioVersion = 10.0.40219.1
Project("{FAE04EC0-301F-11D3-BF4B-00C04F79EFBC}") = "dz_1312_2", "dz_1312_2\dz_1312_2.csproj", "{9F1E493A-8BA9-453E-997D-CBB269C16C6A}"
EndProject
Global
	GlobalSection(SolutionConfigurationPlatforms) = preSolution
		Debug|Any CPU = Debug|Any CPU
		Release|Any CPU = Release|Any CPU
	EndGlobalSection
	GlobalSection(ProjectConfigurationPlatforms) = postSolution
		{9F1E493A-8BA9-453E-997D-CBB269C16C6A}.Debug|Any CPU.ActiveCfg = Debug|Any CPU
		{9F1E493A-8BA9-453E-997D-CBB269C16C6A}.Debug|Any CPU.Build.0 = Debug|Any CPU
		{9F1E493A-8BA9-453E-997D-CBB269C16C6A}.Release|Any CPU.ActiveCfg = Release|Any CPU
		{9F1E493A-8BA9-453E-997D-CBB269C16C6A}.Release|Any CPU.Build.0 = Release|Any CPU
	EndGlobalSection
	GlobalSection(SolutionProperties) = preSolution
		HideSolutionNode = FALSE
	EndGlobalSection
	GlobalSection(ExtensibilityGlobals) = postSolution
		SolutionGuid = {C99D94D8-B3A0-4A66-BEE1-C2597A34741B}
	EndGlobalSection
EndGlobal
